
Microsoft Visual Studio Solution File, Format Version 12.00
# Visual Studio Version 17
VisualStudioVersion = 17.1.31917.155
MinimumVisualStudioVersion = 10.0.40219.1
Project("{FAE04EC0-301F-11D3-BF4B-00C04F79EFBC}") = "GenerateCode", "GenerateCode\GenerateCode.csproj", "{5514DAF1-04E4-4F5E-90D0-9B9B214549E7}"
EndProject
Global
	GlobalSection(SolutionConfigurationPlatforms) = preSolution
		Debug|Any CPU = Debug|Any CPU
		Release|Any CPU = Release|Any CPU
	EndGlobalSection
	GlobalSection(ProjectConfigurationPlatforms) = postSolution
		{5514DAF1-04E4-4F5E-90D0-9B9B214549E7}.Debug|Any CPU.ActiveCfg = Debug|Any CPU
		{5514DAF1-04E4-4F5E-90D0-9B9B214549E7}.Debug|Any CPU.Build.0 = Debug|Any CPU
		{5514DAF1-04E4-4F5E-90D0-9B9B214549E7}.Release|Any CPU.ActiveCfg = Release|Any CPU
		{5514DAF1-04E4-4F5E-90D0-9B9B214549E7}.Release|Any CPU.Build.0 = Release|Any CPU
	EndGlobalSection
	GlobalSection(SolutionProperties) = preSolution
		HideSolutionNode = FALSE
	EndGlobalSection
	GlobalSection(ExtensibilityGlobals) = postSolution
		SolutionGuid = {1FFE24C3-AE33-4A35-84CD-7C6524552B3A}
	EndGlobalSection
EndGlobal
